<?xml version="1.0" encoding="utf-8"?>
<Project ToolsVersion="4.0" xmlns="http://schemas.microsoft.com/developer/msbuild/2003">
  <ItemGroup>
    <Filter Include="Source Files">
      <UniqueIdentifier>{4FC737F1-C7A5-4376-A066-2A32D752A2FF}</UniqueIdentifier>
      <Extensions>cpp;c;cc;cxx;def;odl;idl;hpj;bat;asm;asmx</Extensions>
    </Filter>
    <Filter Include="Source Files\Screens">
      <UniqueIdentifier>{f9dfefaf-481f-4ed6-848d-feec2e605913}</UniqueIdentifier>
    </Filter>
    <Filter Include="Source Files\Levels">
      <UniqueIdentifier>{5480f911-3055-4459-908d-2d02e3d27e68}</UniqueIdentifier>
    </Filter>
    <Filter Include="Packages">
      <UniqueIdentifier>{8e2c8839-c515-477d-8330-1410d5325bed}</UniqueIdentifier>
    </Filter>
    <Filter Include="Source Files\Game Objects">
      <UniqueIdentifier>{81610b07-fdd4-4a6e-8a63-6239378ba0d1}</UniqueIdentifier>
    </Filter>
  </ItemGroup>
  <ItemGroup>
    <ClCompile Include="PlayerShip.cpp">
      <Filter>Source Files\Game Objects</Filter>
    </ClCompile>
    <ClCompile Include="Level.cpp">
      <Filter>Source Files\Levels</Filter>
    </ClCompile>
    <ClCompile Include="Level01.cpp">
      <Filter>Source Files\Levels</Filter>
    </ClCompile>
    <ClCompile Include="GameplayScreen.cpp">
      <Filter>Source Files\Screens</Filter>
    </ClCompile>
    <ClCompile Include="MainMenuScreen.cpp">
      <Filter>Source Files\Screens</Filter>
    </ClCompile>
    <ClCompile Include="GuardianFinalZero.cpp">
      <Filter>Source Files</Filter>
    </ClCompile>
    <ClCompile Include="Game.cpp">
      <Filter>Source Files</Filter>
    </ClCompile>
    <ClCompile Include="Main.cpp">
      <Filter>Source Files</Filter>
    </ClCompile>
  </ItemGroup>
  <ItemGroup>
    <ClInclude Include="PlayerShip.h">
      <Filter>Source Files\Game Objects</Filter>
    </ClInclude>
    <ClInclude Include="Level.h">
      <Filter>Source Files\Levels</Filter>
    </ClInclude>
    <ClInclude Include="Level01.h">
      <Filter>Source Files\Levels</Filter>
    </ClInclude>
    <ClInclude Include="GameplayScreen.h">
      <Filter>Source Files\Screens</Filter>
    </ClInclude>
    <ClInclude Include="MainMenuScreen.h">
      <Filter>Source Files\Screens</Filter>
    </ClInclude>
    <ClInclude Include="GuardianFinalZero.h">
      <Filter>Source Files</Filter>
    </ClInclude>
    <ClInclude Include="Game.h">
      <Filter>Source Files</Filter>
    </ClInclude>
    <ClInclude Include="CollisionType.h">
      <Filter>Source Files</Filter>
    </ClInclude>
  </ItemGroup>
  <ItemGroup>
    <None Include="packages.config">
      <Filter>Packages</Filter>
    </None>
  </ItemGroup>
</Project>