<?xml version="1.0" encoding="utf-8"?>
<Project ToolsVersion="4.0" xmlns="http://schemas.microsoft.com/developer/msbuild/2003">
  <ItemGroup>
    <Filter Include="Source Files">
      <UniqueIdentifier>{4FC737F1-C7A5-4376-A066-2A32D752A2FF}</UniqueIdentifier>
      <Extensions>cpp;c;cc;cxx;def;odl;idl;hpj;bat;asm;asmx</Extensions>
    </Filter>
    <Filter Include="Source Files\Screens">
      <UniqueIdentifier>{f9dfefaf-481f-4ed6-848d-feec2e605913}</UniqueIdentifier>
    </Filter>
    <Filter Include="Source Files\Levels">
      <UniqueIdentifier>{5480f911-3055-4459-908d-2d02e3d27e68}</UniqueIdentifier>
    </Filter>
    <Filter Include="Source Files\Game Objects">
      <UniqueIdentifier>{81610b07-fdd4-4a6e-8a63-6239378ba0d1}</UniqueIdentifier>
    </Filter>
    <Filter Include="Source Files\Ships">
      <UniqueIdentifier>{66122410-b686-462f-8c4a-0f74e27a8037}</UniqueIdentifier>
    </Filter>
    <Filter Include="Source Files\Game Objects\Weapons">
      <UniqueIdentifier>{99463076-44f2-49b2-8f76-4cf61b717239}</UniqueIdentifier>
    </Filter>
    <Filter Include="Source Files\Levels\Level Objects">
      <UniqueIdentifier>{380e9bf9-e056-4f83-8f46-275b12ce139a}</UniqueIdentifier>
    </Filter>
    <Filter Include="Source Files\Game Objects\Weapons\Projectiles">
      <UniqueIdentifier>{a1cfb5d7-075c-4580-a46e-50535973e241}</UniqueIdentifier>
    </Filter>
  </ItemGroup>
  <ItemGroup>
    <None Include="packages.config" />
  </ItemGroup>
  <ItemGroup>
    <ClCompile Include="GuardianFinalZero.cpp">
      <Filter>Source Files</Filter>
    </ClCompile>
    <ClCompile Include="Main.cpp">
      <Filter>Source Files</Filter>
    </ClCompile>
    <ClCompile Include="Game.cpp">
      <Filter>Source Files</Filter>
    </ClCompile>
    <ClCompile Include="MainMenuScreen.cpp">
      <Filter>Source Files\Screens</Filter>
    </ClCompile>
  </ItemGroup>
  <ItemGroup>
    <ClInclude Include="GuardianFinalZero.h">
      <Filter>Source Files</Filter>
    </ClInclude>
    <ClInclude Include="Game.h">
      <Filter>Source Files</Filter>
    </ClInclude>
    <ClInclude Include="MainMenuScreen.h">
      <Filter>Source Files\Screens</Filter>
    </ClInclude>
  </ItemGroup>
</Project>